
Microsoft Visual Studio Solution File, Format Version 12.00
# Visual Studio Version 16
VisualStudioVersion = 16.0.31313.79
MinimumVisualStudioVersion = 10.0.40219.1
Project("{FAE04EC0-301F-11D3-BF4B-00C04F79EFBC}") = "FlyTestPuzzle", "FlyTestPuzzle\FlyTestPuzzle.csproj", "{F744BBCE-B9F2-4DF5-AD63-9D27BD018705}"
EndProject
Project("{FAE04EC0-301F-11D3-BF4B-00C04F79EFBC}") = "FlyTestPuzzle.Tests", "FlyTestPuzzle.Tests\FlyTestPuzzle.Tests.csproj", "{853FBB17-6484-4467-ABF4-2BF46FDE8A1A}"
EndProject
Global
	GlobalSection(SolutionConfigurationPlatforms) = preSolution
		Debug|Any CPU = Debug|Any CPU
		Release|Any CPU = Release|Any CPU
	EndGlobalSection
	GlobalSection(ProjectConfigurationPlatforms) = postSolution
		{F744BBCE-B9F2-4DF5-AD63-9D27BD018705}.Debug|Any CPU.ActiveCfg = Debug|Any CPU
		{F744BBCE-B9F2-4DF5-AD63-9D27BD018705}.Debug|Any CPU.Build.0 = Debug|Any CPU
		{F744BBCE-B9F2-4DF5-AD63-9D27BD018705}.Release|Any CPU.ActiveCfg = Release|Any CPU
		{F744BBCE-B9F2-4DF5-AD63-9D27BD018705}.Release|Any CPU.Build.0 = Release|Any CPU
		{853FBB17-6484-4467-ABF4-2BF46FDE8A1A}.Debug|Any CPU.ActiveCfg = Debug|Any CPU
		{853FBB17-6484-4467-ABF4-2BF46FDE8A1A}.Debug|Any CPU.Build.0 = Debug|Any CPU
		{853FBB17-6484-4467-ABF4-2BF46FDE8A1A}.Release|Any CPU.ActiveCfg = Release|Any CPU
		{853FBB17-6484-4467-ABF4-2BF46FDE8A1A}.Release|Any CPU.Build.0 = Release|Any CPU
	EndGlobalSection
	GlobalSection(SolutionProperties) = preSolution
		HideSolutionNode = FALSE
	EndGlobalSection
	GlobalSection(ExtensibilityGlobals) = postSolution
		SolutionGuid = {4AE1A32B-91B3-4B4B-AC01-D89411D68E71}
	EndGlobalSection
EndGlobal
